
Microsoft Visual Studio Solution File, Format Version 12.00
# Visual Studio Version 17
VisualStudioVersion = 17.0.32112.339
MinimumVisualStudioVersion = 10.0.40219.1
Project("{9A19103F-16F7-4668-BE54-9A1E7A4F7556}") = "short-url", "short-url.csproj", "{2FC43A1B-913B-4A1C-979B-873AD25D9EBC}"
EndProject
Global
	GlobalSection(SolutionConfigurationPlatforms) = preSolution
		Debug|Any CPU = Debug|Any CPU
		Release|Any CPU = Release|Any CPU
	EndGlobalSection
	GlobalSection(ProjectConfigurationPlatforms) = postSolution
		{2FC43A1B-913B-4A1C-979B-873AD25D9EBC}.Debug|Any CPU.ActiveCfg = Debug|Any CPU
		{2FC43A1B-913B-4A1C-979B-873AD25D9EBC}.Debug|Any CPU.Build.0 = Debug|Any CPU
		{2FC43A1B-913B-4A1C-979B-873AD25D9EBC}.Release|Any CPU.ActiveCfg = Release|Any CPU
		{2FC43A1B-913B-4A1C-979B-873AD25D9EBC}.Release|Any CPU.Build.0 = Release|Any CPU
	EndGlobalSection
	GlobalSection(SolutionProperties) = preSolution
		HideSolutionNode = FALSE
	EndGlobalSection
	GlobalSection(ExtensibilityGlobals) = postSolution
		SolutionGuid = {CE5307CE-0EFC-45EE-AA0F-C69D192A298A}
	EndGlobalSection
EndGlobal
